
Microsoft Visual Studio Solution File, Format Version 12.00
# Visual Studio Version 16
VisualStudioVersion = 25.0.1705.2
MinimumVisualStudioVersion = 10.0.40219.1
Project("{FAE04EC0-301F-11D3-BF4B-00C04F79EFBC}") = "Lab01_Example", "Lab01_Example\Lab01_Example.csproj", "{6D596722-37D6-4733-85FA-62BC227C14C4}"
EndProject
Project("{FAE04EC0-301F-11D3-BF4B-00C04F79EFBC}") = "Lab01_Example_Test", "Lab01_Example_Test\Lab01_Example_Test.csproj", "{1FB70269-80C8-4549-B908-731020390093}"
EndProject
Global
	GlobalSection(SolutionConfigurationPlatforms) = preSolution
		Debug|Any CPU = Debug|Any CPU
		Release|Any CPU = Release|Any CPU
	EndGlobalSection
	GlobalSection(ProjectConfigurationPlatforms) = postSolution
		{6D596722-37D6-4733-85FA-62BC227C14C4}.Debug|Any CPU.ActiveCfg = Debug|Any CPU
		{6D596722-37D6-4733-85FA-62BC227C14C4}.Debug|Any CPU.Build.0 = Debug|Any CPU
		{6D596722-37D6-4733-85FA-62BC227C14C4}.Release|Any CPU.ActiveCfg = Release|Any CPU
		{6D596722-37D6-4733-85FA-62BC227C14C4}.Release|Any CPU.Build.0 = Release|Any CPU
		{1FB70269-80C8-4549-B908-731020390093}.Debug|Any CPU.ActiveCfg = Debug|Any CPU
		{1FB70269-80C8-4549-B908-731020390093}.Debug|Any CPU.Build.0 = Debug|Any CPU
		{1FB70269-80C8-4549-B908-731020390093}.Release|Any CPU.ActiveCfg = Release|Any CPU
		{1FB70269-80C8-4549-B908-731020390093}.Release|Any CPU.Build.0 = Release|Any CPU
	EndGlobalSection
	GlobalSection(SolutionProperties) = preSolution
		HideSolutionNode = FALSE
	EndGlobalSection
	GlobalSection(ExtensibilityGlobals) = postSolution
		SolutionGuid = {D5750F82-2269-4E8D-824B-71589DA20CBC}
	EndGlobalSection
EndGlobal
